
Microsoft Visual Studio Solution File, Format Version 12.00
# Visual Studio Version 17
VisualStudioVersion = 17.10.34928.147
MinimumVisualStudioVersion = 10.0.40219.1
Project("{9A19103F-16F7-4668-BE54-9A1E7A4F7556}") = "SistemaPrestamos", "SistemaPrestamos\SistemaPrestamos.csproj", "{C91B4951-FC15-4643-ACDF-5E6547344E57}"
EndProject
Global
	GlobalSection(SolutionConfigurationPlatforms) = preSolution
		Debug|Any CPU = Debug|Any CPU
		Release|Any CPU = Release|Any CPU
	EndGlobalSection
	GlobalSection(ProjectConfigurationPlatforms) = postSolution
		{C91B4951-FC15-4643-ACDF-5E6547344E57}.Debug|Any CPU.ActiveCfg = Debug|Any CPU
		{C91B4951-FC15-4643-ACDF-5E6547344E57}.Debug|Any CPU.Build.0 = Debug|Any CPU
		{C91B4951-FC15-4643-ACDF-5E6547344E57}.Release|Any CPU.ActiveCfg = Release|Any CPU
		{C91B4951-FC15-4643-ACDF-5E6547344E57}.Release|Any CPU.Build.0 = Release|Any CPU
	EndGlobalSection
	GlobalSection(SolutionProperties) = preSolution
		HideSolutionNode = FALSE
	EndGlobalSection
	GlobalSection(ExtensibilityGlobals) = postSolution
		SolutionGuid = {7D74927E-1798-4BBE-935C-81661E0BEB0C}
	EndGlobalSection
EndGlobal
